
Microsoft Visual Studio Solution File, Format Version 12.00
# Visual Studio 14
VisualStudioVersion = 14.0.25420.1
MinimumVisualStudioVersion = 10.0.40219.1
Project("{F2A71F9B-5D33-465A-A702-920D77279786}") = "Dotledger.Interledger", "src\Interledger\src\Dotledger.Interledger\Dotledger.Interledger.fsproj", "{60171FA3-F8D2-462F-8B39-61C13CE698C9}"
EndProject
Project("{F2A71F9B-5D33-465A-A702-920D77279786}") = "Dotledger.Interledger.Tests", "src\Interledger\tests\Dotledger.Interledger.Tests\Dotledger.Interledger.Tests.fsproj", "{CC8BBDF8-7291-41A7-8DA0-CA3759D23F2A}"
EndProject
Project("{2150E333-8FDC-42A3-9474-1A3956D46DE8}") = "Solution Items", "Solution Items", "{BC11F224-41C8-47C6-8734-7E86BB153926}"
	ProjectSection(SolutionItems) = preProject
		src\Interledger\build.fsx = src\Interledger\build.fsx
	EndProjectSection
EndProject
Global
	GlobalSection(SolutionConfigurationPlatforms) = preSolution
		Debug|Any CPU = Debug|Any CPU
		Release|Any CPU = Release|Any CPU
	EndGlobalSection
	GlobalSection(ProjectConfigurationPlatforms) = postSolution
		{60171FA3-F8D2-462F-8B39-61C13CE698C9}.Debug|Any CPU.ActiveCfg = Debug|Any CPU
		{60171FA3-F8D2-462F-8B39-61C13CE698C9}.Debug|Any CPU.Build.0 = Debug|Any CPU
		{60171FA3-F8D2-462F-8B39-61C13CE698C9}.Release|Any CPU.ActiveCfg = Release|Any CPU
		{60171FA3-F8D2-462F-8B39-61C13CE698C9}.Release|Any CPU.Build.0 = Release|Any CPU
		{CC8BBDF8-7291-41A7-8DA0-CA3759D23F2A}.Debug|Any CPU.ActiveCfg = Debug|Any CPU
		{CC8BBDF8-7291-41A7-8DA0-CA3759D23F2A}.Debug|Any CPU.Build.0 = Debug|Any CPU
		{CC8BBDF8-7291-41A7-8DA0-CA3759D23F2A}.Release|Any CPU.ActiveCfg = Release|Any CPU
		{CC8BBDF8-7291-41A7-8DA0-CA3759D23F2A}.Release|Any CPU.Build.0 = Release|Any CPU
	EndGlobalSection
	GlobalSection(SolutionProperties) = preSolution
		HideSolutionNode = FALSE
	EndGlobalSection
EndGlobal
